{
  "name": "docs",
  "lockfileVersion": 3,
  "requires": true,
  "packages": {
    "": {
      "dependencies": {
        "text-stats": "^0.0.3"
      }
    },
    "node_modules/text-stats": {
      "version": "0.0.3",
      "resolved": "https://registry.npmjs.org/text-stats/-/text-stats-0.0.3.tgz",
      "integrity": "sha512-d/4J1Pkg18eqXWl6kjknPfRPaVvAng9/JJPOApNK/eZaxM9rgKyI1ChHVMj6A+kUjjOt+NawbJ1HBbfMYlUG6w==",
      "license": "ISC",
      "bin": {
        "text-stats": "bin/text-stats"
      }
    }
  }
}
